<Solution>
  <Folder Name="/Solution Items/">
    <File Path="compose.yaml" />
  </Folder>
  <Project Path="ChampionImporter/ChampionImporter.csproj" />
  <Project Path="SGTitansManager.Models/SGTitansManager.Models.csproj" />
  <Project Path="SGTitansManager.Server\SGTitansManager.Server.csproj" />
  <Project Path="SGTitansManager.Wpf/SGTitansManager.Wpf.csproj" />
</Solution>
